
Microsoft Visual Studio Solution File, Format Version 12.00
# Visual Studio Version 17
VisualStudioVersion = 17.11.35222.181
MinimumVisualStudioVersion = 10.0.40219.1
Project("{FAE04EC0-301F-11D3-BF4B-00C04F79EFBC}") = "VoidCrewServerFix", "VoidCrewServerFix\VoidCrewServerFix.csproj", "{82518A87-AB2F-4A72-A823-9B0ECB71AB93}"
EndProject
Global
	GlobalSection(SolutionConfigurationPlatforms) = preSolution
		Debug|Any CPU = Debug|Any CPU
		Release|Any CPU = Release|Any CPU
	EndGlobalSection
	GlobalSection(ProjectConfigurationPlatforms) = postSolution
		{82518A87-AB2F-4A72-A823-9B0ECB71AB93}.Debug|Any CPU.ActiveCfg = Debug|Any CPU
		{82518A87-AB2F-4A72-A823-9B0ECB71AB93}.Debug|Any CPU.Build.0 = Debug|Any CPU
		{82518A87-AB2F-4A72-A823-9B0ECB71AB93}.Release|Any CPU.ActiveCfg = Release|Any CPU
		{82518A87-AB2F-4A72-A823-9B0ECB71AB93}.Release|Any CPU.Build.0 = Release|Any CPU
	EndGlobalSection
	GlobalSection(SolutionProperties) = preSolution
		HideSolutionNode = FALSE
	EndGlobalSection
	GlobalSection(ExtensibilityGlobals) = postSolution
		SolutionGuid = {3D423334-21F2-4C66-BE5F-C34588A07371}
	EndGlobalSection
EndGlobal
